
Microsoft Visual Studio Solution File, Format Version 12.00
# Visual Studio 15
VisualStudioVersion = 15.0.27130.2010
MinimumVisualStudioVersion = 10.0.40219.1
Project("{FAE04EC0-301F-11D3-BF4B-00C04F79EFBC}") = "XamarinAndroidTestApp.Android", "XamarinAndroidTestApp\XamarinAndroidTestApp.Android\XamarinAndroidTestApp.Android.csproj", "{B4561DD1-7FD7-4898-B16A-F72D70D775EB}"
EndProject
Project("{D954291E-2A0B-460D-934E-DC6B0785DB48}") = "XamarinAndroidTestApp", "XamarinAndroidTestApp\XamarinAndroidTestApp\XamarinAndroidTestApp.shproj", "{6AD59CA1-338E-474A-B399-C40DD750B574}"
EndProject
Global
	GlobalSection(SharedMSBuildProjectFiles) = preSolution
		XamarinAndroidTestApp\XamarinAndroidTestApp\XamarinAndroidTestApp.projitems*{6ad59ca1-338e-474a-b399-c40dd750b574}*SharedItemsImports = 13
		XamarinAndroidTestApp\XamarinAndroidTestApp\XamarinAndroidTestApp.projitems*{b4561dd1-7fd7-4898-b16a-f72d70d775eb}*SharedItemsImports = 4
	EndGlobalSection
	GlobalSection(SolutionConfigurationPlatforms) = preSolution
		Debug|Any CPU = Debug|Any CPU
		Release|Any CPU = Release|Any CPU
	EndGlobalSection
	GlobalSection(ProjectConfigurationPlatforms) = postSolution
		{B4561DD1-7FD7-4898-B16A-F72D70D775EB}.Debug|Any CPU.ActiveCfg = Debug|Any CPU
		{B4561DD1-7FD7-4898-B16A-F72D70D775EB}.Debug|Any CPU.Build.0 = Debug|Any CPU
		{B4561DD1-7FD7-4898-B16A-F72D70D775EB}.Debug|Any CPU.Deploy.0 = Debug|Any CPU
		{B4561DD1-7FD7-4898-B16A-F72D70D775EB}.Release|Any CPU.ActiveCfg = Release|Any CPU
		{B4561DD1-7FD7-4898-B16A-F72D70D775EB}.Release|Any CPU.Build.0 = Release|Any CPU
		{B4561DD1-7FD7-4898-B16A-F72D70D775EB}.Release|Any CPU.Deploy.0 = Release|Any CPU
	EndGlobalSection
	GlobalSection(SolutionProperties) = preSolution
		HideSolutionNode = FALSE
	EndGlobalSection
	GlobalSection(ExtensibilityGlobals) = postSolution
		SolutionGuid = {F4F51AD3-6F67-48C5-96F7-79F819148C90}
	EndGlobalSection
EndGlobal
